
Microsoft Visual Studio Solution File, Format Version 12.00
# Visual Studio Version 16
VisualStudioVersion = 16.0.29728.190
MinimumVisualStudioVersion = 10.0.40219.1
Project("{FAE04EC0-301F-11D3-BF4B-00C04F79EFBC}") = "MaterializeCss", "MaterializeCss\MaterializeCss.csproj", "{0813C68E-2236-4AE8-BF1D-C9715C0D1746}"
EndProject
Global
	GlobalSection(SolutionConfigurationPlatforms) = preSolution
		Debug|Any CPU = Debug|Any CPU
		Release|Any CPU = Release|Any CPU
	EndGlobalSection
	GlobalSection(ProjectConfigurationPlatforms) = postSolution
		{0813C68E-2236-4AE8-BF1D-C9715C0D1746}.Debug|Any CPU.ActiveCfg = Debug|Any CPU
		{0813C68E-2236-4AE8-BF1D-C9715C0D1746}.Debug|Any CPU.Build.0 = Debug|Any CPU
		{0813C68E-2236-4AE8-BF1D-C9715C0D1746}.Release|Any CPU.ActiveCfg = Release|Any CPU
		{0813C68E-2236-4AE8-BF1D-C9715C0D1746}.Release|Any CPU.Build.0 = Release|Any CPU
	EndGlobalSection
	GlobalSection(SolutionProperties) = preSolution
		HideSolutionNode = FALSE
	EndGlobalSection
	GlobalSection(ExtensibilityGlobals) = postSolution
		SolutionGuid = {F23E44B4-B3F7-40D9-92D6-0C46933B9D7F}
	EndGlobalSection
EndGlobal
