
Microsoft Visual Studio Solution File, Format Version 12.00
# Visual Studio Version 16
VisualStudioVersion = 16.0.29728.190
MinimumVisualStudioVersion = 10.0.40219.1
Project("{FAE04EC0-301F-11D3-BF4B-00C04F79EFBC}") = "MiTiendaMVC", "MiTiendaMVC\MiTiendaMVC.csproj", "{A9177B29-6B1E-4A79-8BD9-1B56C730BDF5}"
EndProject
Global
	GlobalSection(SolutionConfigurationPlatforms) = preSolution
		Debug|Any CPU = Debug|Any CPU
		Release|Any CPU = Release|Any CPU
	EndGlobalSection
	GlobalSection(ProjectConfigurationPlatforms) = postSolution
		{A9177B29-6B1E-4A79-8BD9-1B56C730BDF5}.Debug|Any CPU.ActiveCfg = Debug|Any CPU
		{A9177B29-6B1E-4A79-8BD9-1B56C730BDF5}.Debug|Any CPU.Build.0 = Debug|Any CPU
		{A9177B29-6B1E-4A79-8BD9-1B56C730BDF5}.Release|Any CPU.ActiveCfg = Release|Any CPU
		{A9177B29-6B1E-4A79-8BD9-1B56C730BDF5}.Release|Any CPU.Build.0 = Release|Any CPU
	EndGlobalSection
	GlobalSection(SolutionProperties) = preSolution
		HideSolutionNode = FALSE
	EndGlobalSection
	GlobalSection(ExtensibilityGlobals) = postSolution
		SolutionGuid = {B8BCC116-B64B-47C3-9BEE-409DCD48F331}
	EndGlobalSection
EndGlobal
