
Microsoft Visual Studio Solution File, Format Version 12.00
# Visual Studio Version 16
VisualStudioVersion = 16.0.29728.190
MinimumVisualStudioVersion = 10.0.40219.1
Project("{FAE04EC0-301F-11D3-BF4B-00C04F79EFBC}") = "AplicacionMVC", "AplicacionMVC\AplicacionMVC.csproj", "{193FBF08-1D23-4A41-9AD2-136E2F74B8EC}"
EndProject
Global
	GlobalSection(SolutionConfigurationPlatforms) = preSolution
		Debug|Any CPU = Debug|Any CPU
		Release|Any CPU = Release|Any CPU
	EndGlobalSection
	GlobalSection(ProjectConfigurationPlatforms) = postSolution
		{193FBF08-1D23-4A41-9AD2-136E2F74B8EC}.Debug|Any CPU.ActiveCfg = Debug|Any CPU
		{193FBF08-1D23-4A41-9AD2-136E2F74B8EC}.Debug|Any CPU.Build.0 = Debug|Any CPU
		{193FBF08-1D23-4A41-9AD2-136E2F74B8EC}.Release|Any CPU.ActiveCfg = Release|Any CPU
		{193FBF08-1D23-4A41-9AD2-136E2F74B8EC}.Release|Any CPU.Build.0 = Release|Any CPU
	EndGlobalSection
	GlobalSection(SolutionProperties) = preSolution
		HideSolutionNode = FALSE
	EndGlobalSection
	GlobalSection(ExtensibilityGlobals) = postSolution
		SolutionGuid = {4F0B6319-1E9D-4EC5-9CC3-12C2000955A9}
	EndGlobalSection
EndGlobal
