
Microsoft Visual Studio Solution File, Format Version 12.00
# Visual Studio Version 16
VisualStudioVersion = 16.0.29728.190
MinimumVisualStudioVersion = 10.0.40219.1
Project("{FAE04EC0-301F-11D3-BF4B-00C04F79EFBC}") = "MiPrrimeraAplicacion", "MiPrrimeraAplicacion\MiPrrimeraAplicacion.csproj", "{69661AD2-7F86-4A99-B140-C14AAABDF14C}"
EndProject
Project("{FAE04EC0-301F-11D3-BF4B-00C04F79EFBC}") = "MiPrimerControlador", "MiPrimerControlador\MiPrimerControlador.csproj", "{17681923-3A16-4053-916B-78717B3E362F}"
EndProject
Project("{FAE04EC0-301F-11D3-BF4B-00C04F79EFBC}") = "MiFiltroMVC", "MiFiltroMVC\MiFiltroMVC.csproj", "{F33E7EED-1E3F-4644-8D39-7D0A8F490F1F}"
EndProject
Project("{FAE04EC0-301F-11D3-BF4B-00C04F79EFBC}") = "MiVistaMVC", "MiVistaMVC\MiVistaMVC.csproj", "{C386FDA7-70C6-4015-A30A-F46B71F31128}"
EndProject
Project("{FAE04EC0-301F-11D3-BF4B-00C04F79EFBC}") = "MiVistaRazor", "MiVistaRazor\MiVistaRazor.csproj", "{C132C072-8106-4DE5-A160-E626A691EB03}"
EndProject
Project("{FAE04EC0-301F-11D3-BF4B-00C04F79EFBC}") = "MiListaMVCJQuery", "MiListaMVCJQuery\MiListaMVCJQuery.csproj", "{CAA4E359-5032-40B5-85A1-2C450F9B1E1B}"
EndProject
Global
	GlobalSection(SolutionConfigurationPlatforms) = preSolution
		Debug|Any CPU = Debug|Any CPU
		Release|Any CPU = Release|Any CPU
	EndGlobalSection
	GlobalSection(ProjectConfigurationPlatforms) = postSolution
		{69661AD2-7F86-4A99-B140-C14AAABDF14C}.Debug|Any CPU.ActiveCfg = Debug|Any CPU
		{69661AD2-7F86-4A99-B140-C14AAABDF14C}.Debug|Any CPU.Build.0 = Debug|Any CPU
		{69661AD2-7F86-4A99-B140-C14AAABDF14C}.Release|Any CPU.ActiveCfg = Release|Any CPU
		{69661AD2-7F86-4A99-B140-C14AAABDF14C}.Release|Any CPU.Build.0 = Release|Any CPU
		{17681923-3A16-4053-916B-78717B3E362F}.Debug|Any CPU.ActiveCfg = Debug|Any CPU
		{17681923-3A16-4053-916B-78717B3E362F}.Debug|Any CPU.Build.0 = Debug|Any CPU
		{17681923-3A16-4053-916B-78717B3E362F}.Release|Any CPU.ActiveCfg = Release|Any CPU
		{17681923-3A16-4053-916B-78717B3E362F}.Release|Any CPU.Build.0 = Release|Any CPU
		{F33E7EED-1E3F-4644-8D39-7D0A8F490F1F}.Debug|Any CPU.ActiveCfg = Debug|Any CPU
		{F33E7EED-1E3F-4644-8D39-7D0A8F490F1F}.Debug|Any CPU.Build.0 = Debug|Any CPU
		{F33E7EED-1E3F-4644-8D39-7D0A8F490F1F}.Release|Any CPU.ActiveCfg = Release|Any CPU
		{F33E7EED-1E3F-4644-8D39-7D0A8F490F1F}.Release|Any CPU.Build.0 = Release|Any CPU
		{C386FDA7-70C6-4015-A30A-F46B71F31128}.Debug|Any CPU.ActiveCfg = Debug|Any CPU
		{C386FDA7-70C6-4015-A30A-F46B71F31128}.Debug|Any CPU.Build.0 = Debug|Any CPU
		{C386FDA7-70C6-4015-A30A-F46B71F31128}.Release|Any CPU.ActiveCfg = Release|Any CPU
		{C386FDA7-70C6-4015-A30A-F46B71F31128}.Release|Any CPU.Build.0 = Release|Any CPU
		{C132C072-8106-4DE5-A160-E626A691EB03}.Debug|Any CPU.ActiveCfg = Debug|Any CPU
		{C132C072-8106-4DE5-A160-E626A691EB03}.Debug|Any CPU.Build.0 = Debug|Any CPU
		{C132C072-8106-4DE5-A160-E626A691EB03}.Release|Any CPU.ActiveCfg = Release|Any CPU
		{C132C072-8106-4DE5-A160-E626A691EB03}.Release|Any CPU.Build.0 = Release|Any CPU
		{CAA4E359-5032-40B5-85A1-2C450F9B1E1B}.Debug|Any CPU.ActiveCfg = Debug|Any CPU
		{CAA4E359-5032-40B5-85A1-2C450F9B1E1B}.Debug|Any CPU.Build.0 = Debug|Any CPU
		{CAA4E359-5032-40B5-85A1-2C450F9B1E1B}.Release|Any CPU.ActiveCfg = Release|Any CPU
		{CAA4E359-5032-40B5-85A1-2C450F9B1E1B}.Release|Any CPU.Build.0 = Release|Any CPU
	EndGlobalSection
	GlobalSection(SolutionProperties) = preSolution
		HideSolutionNode = FALSE
	EndGlobalSection
	GlobalSection(ExtensibilityGlobals) = postSolution
		SolutionGuid = {36216D9A-3F30-48CA-8562-1E3917FFD335}
	EndGlobalSection
EndGlobal
